
Microsoft Visual Studio Solution File, Format Version 12.00
# Visual Studio 15
VisualStudioVersion = 15.0.28010.2026
MinimumVisualStudioVersion = 10.0.40219.1
Project("{FAE04EC0-301F-11D3-BF4B-00C04F79EFBC}") = "WorkgroupRestrictions", "WorkgroupRestrictions\WorkgroupRestrictions.csproj", "{6C744C46-E7E9-416B-9760-C76B6BC8B7D6}"
EndProject
Project("{E24C65DC-7377-472B-9ABA-BC803B73C61A}") = "Acu_910", "..\..\..\..\Program Files\Acumatica ERP\Acu_910\", "{FFFDEBD3-100D-4DFF-9239-C947AC580752}"
	ProjectSection(WebsiteProperties) = preProject
		TargetFrameworkMoniker = ".NETFramework,Version%3Dv4.7.1"
		ProjectReferences = "{6c744c46-e7e9-416b-9760-c76b6bc8b7d6}|WorkgroupRestrictions.dll;"
		Debug.AspNetCompiler.VirtualPath = "/localhost_60681"
		Debug.AspNetCompiler.PhysicalPath = "..\..\..\..\Program Files\Acumatica ERP\Acu_910\"
		Debug.AspNetCompiler.TargetPath = "PrecompiledWeb\localhost_60681\"
		Debug.AspNetCompiler.Updateable = "true"
		Debug.AspNetCompiler.ForceOverwrite = "true"
		Debug.AspNetCompiler.FixedNames = "false"
		Debug.AspNetCompiler.Debug = "True"
		Release.AspNetCompiler.VirtualPath = "/localhost_60681"
		Release.AspNetCompiler.PhysicalPath = "..\..\..\..\Program Files\Acumatica ERP\Acu_910\"
		Release.AspNetCompiler.TargetPath = "PrecompiledWeb\localhost_60681\"
		Release.AspNetCompiler.Updateable = "true"
		Release.AspNetCompiler.ForceOverwrite = "true"
		Release.AspNetCompiler.FixedNames = "false"
		Release.AspNetCompiler.Debug = "False"
		VWDPort = "60681"
		SlnRelativePath = "..\..\..\..\Program Files\Acumatica ERP\Acu_910\"
	EndProjectSection
EndProject
Global
	GlobalSection(SolutionConfigurationPlatforms) = preSolution
		Debug|Any CPU = Debug|Any CPU
		Release|Any CPU = Release|Any CPU
	EndGlobalSection
	GlobalSection(ProjectConfigurationPlatforms) = postSolution
		{6C744C46-E7E9-416B-9760-C76B6BC8B7D6}.Debug|Any CPU.ActiveCfg = Debug|Any CPU
		{6C744C46-E7E9-416B-9760-C76B6BC8B7D6}.Debug|Any CPU.Build.0 = Debug|Any CPU
		{6C744C46-E7E9-416B-9760-C76B6BC8B7D6}.Release|Any CPU.ActiveCfg = Release|Any CPU
		{6C744C46-E7E9-416B-9760-C76B6BC8B7D6}.Release|Any CPU.Build.0 = Release|Any CPU
		{FFFDEBD3-100D-4DFF-9239-C947AC580752}.Debug|Any CPU.ActiveCfg = Debug|Any CPU
		{FFFDEBD3-100D-4DFF-9239-C947AC580752}.Debug|Any CPU.Build.0 = Debug|Any CPU
		{FFFDEBD3-100D-4DFF-9239-C947AC580752}.Release|Any CPU.ActiveCfg = Debug|Any CPU
		{FFFDEBD3-100D-4DFF-9239-C947AC580752}.Release|Any CPU.Build.0 = Debug|Any CPU
	EndGlobalSection
	GlobalSection(SolutionProperties) = preSolution
		HideSolutionNode = FALSE
	EndGlobalSection
	GlobalSection(ExtensibilityGlobals) = postSolution
		SolutionGuid = {531AECD7-345D-4595-BB5C-943B38D481FC}
	EndGlobalSection
EndGlobal
